
Microsoft Visual Studio Solution File, Format Version 12.00
# Visual Studio 15
VisualStudioVersion = 15.0.28307.757
MinimumVisualStudioVersion = 10.0.40219.1
Project("{FAE04EC0-301F-11D3-BF4B-00C04F79EFBC}") = "SampleAPI", "WebApplication3\SampleAPI.csproj", "{C008E900-32C7-4EEF-9400-A2FC1ABD9925}"
EndProject
Project("{FAE04EC0-301F-11D3-BF4B-00C04F79EFBC}") = "SampleAPI_Website", "SampleAPI_Website\SampleAPI_Website.csproj", "{AD2A58CB-4407-4344-B705-F1BB9CE7E6CB}"
EndProject
Global
	GlobalSection(SolutionConfigurationPlatforms) = preSolution
		Debug|Any CPU = Debug|Any CPU
		Release|Any CPU = Release|Any CPU
	EndGlobalSection
	GlobalSection(ProjectConfigurationPlatforms) = postSolution
		{C008E900-32C7-4EEF-9400-A2FC1ABD9925}.Debug|Any CPU.ActiveCfg = Debug|Any CPU
		{C008E900-32C7-4EEF-9400-A2FC1ABD9925}.Debug|Any CPU.Build.0 = Debug|Any CPU
		{C008E900-32C7-4EEF-9400-A2FC1ABD9925}.Release|Any CPU.ActiveCfg = Release|Any CPU
		{C008E900-32C7-4EEF-9400-A2FC1ABD9925}.Release|Any CPU.Build.0 = Release|Any CPU
		{AD2A58CB-4407-4344-B705-F1BB9CE7E6CB}.Debug|Any CPU.ActiveCfg = Debug|Any CPU
		{AD2A58CB-4407-4344-B705-F1BB9CE7E6CB}.Debug|Any CPU.Build.0 = Debug|Any CPU
		{AD2A58CB-4407-4344-B705-F1BB9CE7E6CB}.Release|Any CPU.ActiveCfg = Release|Any CPU
		{AD2A58CB-4407-4344-B705-F1BB9CE7E6CB}.Release|Any CPU.Build.0 = Release|Any CPU
	EndGlobalSection
	GlobalSection(SolutionProperties) = preSolution
		HideSolutionNode = FALSE
	EndGlobalSection
	GlobalSection(ExtensibilityGlobals) = postSolution
		SolutionGuid = {1658EB4B-6889-41DB-9CE7-D31B65514AD7}
	EndGlobalSection
EndGlobal
